allowed_tree_sha256:
  experiments/capsule_bench/targets/radiance/contracts/hwbringup_radiance_v0: f8a4cfcc33cfb3e05d7ddac830a7c8b1d7a428114bd25115d22adeb85a9adda8
  experiments/capsule_bench/targets/radiance/task: c3c9f0964b2ca59bb536ade9d44a3b45d7e76f1228aa36b574627e81bbae3582
  merlin/contract: fbec7cdb753395e51898c9e755f2ed01c5fdd811cdd9e63c3749ed0bd3fa2f54
  merlin/contract/capsules/radiance/isa: 9f4d6646727dd8fe5e179664b3be43245b52c81fee96f7c54330749ea38cee91
  merlin/contract/capsules/radiance/model: 9a849d505a3b126499c1165723c53b788ff4378097a51ec54d145bc09d98fd64
  merlin/contract/capsules/radiance/model_slices: f142ba424df15d6be072f2bde79c7629ebb19ed9c8f8dfca2733414bf42fb45e
  third_party/llvm-install: 95bfc5318ac13a12f6fb80a9060c1484e2bc8dfb237dc59dfcd2e425c146d7eb
