allowed_tree_sha256:
  experiments/capsule_bench/targets/gemmini/contracts/hwbringup_gemmini_v0: b37f97856d4872fb155f91ab0268993b36e6ca26068d951c7a106bb7c55d01cb
  experiments/capsule_bench/targets/gemmini/contracts/hwbringup_gemmini_v0/isa_include/gemmini.h: 007826db4fdaf35783e5d91ad3f21c2df9a310c1c51d53499f7745fc379974de
  experiments/capsule_bench/targets/gemmini/contracts/hwbringup_gemmini_v0/isa_include/gemmini_params.h: 3758ae967af3a179497660970201093a7fb624be00173990ce33d3f5c38da924
  experiments/capsule_bench/targets/gemmini/scripts/agent_selfcheck.py: c12ce0580dbe5bf78474efd1f092ca26e6057f9315c14e74fb2798ab5e30ca63
  experiments/capsule_bench/targets/gemmini/task: 09fdc68b3a7d2c528b3ab7a0e7f78fd78aead5b96fac202d20927a6c41b1c108
  merlin/contract: d96aec4a744efbf0b1271057224929992551773b6ff70e3843f283aa8b6e18f1
  merlin/contract/capsules/isa: 9d78112a00064c15bda258782632b695b524152287fd83ba11934114c1293cad
  merlin/contract/capsules/layers: 34ec84d4e219981d75c32298079d37ec3b92b87ee6943eb862b0a73a376705d0
  merlin/contract/capsules/model: feff599e58415623bb4c8030e59b4c1488a0e55f5e23f6b56ae2d7bdc3fa2af2
  merlin/contract/capsules/model_slices: 5fe491729944a86e9777c6d056a719f383d3bbd99082ceca0d465e0b267c249b
  out/artifacts/targets/rvv/impr_tuned_wholemodel_vf_int8: 32d265324cba85abc6760a151d56b03bdc3e95c79e8ebf0bc392207c0a041d8b
  third_party/llvm-install: 95bfc5318ac13a12f6fb80a9060c1484e2bc8dfb237dc59dfcd2e425c146d7eb
