allowed_tree_sha256:
  experiments/capsule_bench/targets/gemmini/contracts/hwbringup_gemmini_v0: b37f97856d4872fb155f91ab0268993b36e6ca26068d951c7a106bb7c55d01cb
  experiments/capsule_bench/targets/gemmini/contracts/hwbringup_gemmini_v0/isa_include/gemmini.h: 007826db4fdaf35783e5d91ad3f21c2df9a310c1c51d53499f7745fc379974de
  experiments/capsule_bench/targets/gemmini/contracts/hwbringup_gemmini_v0/isa_include/gemmini_params.h: 3758ae967af3a179497660970201093a7fb624be00173990ce33d3f5c38da924
  experiments/capsule_bench/targets/gemmini/scripts/agent_selfcheck.py: 3cb84a206653cd0671a3fbee5f854766825a981caabe328b8f0fef48240b0fbc
  experiments/capsule_bench/targets/gemmini/task: 0c7b4e88f765d3832c8e028050aed817e7f395cd17378c6ad6be2440bfba7c99
  merlin/contract: cf62d415382a3a544702b96763df7aac629ff64c2fd8db6ec9998b3b8ca5b125
  merlin/contract/capsules/isa: d47e9ba8b60153ada57bb967d429858051bb871a8258e4579de226f1e8f7ec23
  merlin/contract/capsules/layers: 14ab365bbfa9d849d48ac427e485ebf523bbaf8973d23861d270762d40963f63
  merlin/contract/capsules/model: 75e81a6f4f0083402b4bd4a62d30f4fdcb43086838eaf91a0c5168cc9612d486
  merlin/contract/capsules/model_slices: 81b84a7641a1e05a51fcd7b1260fd37c9ec484a835b1bd91f02edce7ce7c67c3
  merlin/python/merlin/common: dd6525070e665fd61fe65f3a46144b3dc2d5e3de8f0c8a52884b8913405ffd11
  merlin/python/merlin/kernels/action_catalog.py: 80a84e109b4513a4dfa553eec0fcdebbe3bcf13a46b166acb14507f738b7fe7f
  merlin/python/merlin/kernels/cca.py: 4024a004a632ebb46f53466ab77c79e01e9d37f0aa3a522ebc2cdb23e62a1788
  merlin/python/merlin/kernels/cca_compare.py: 69c4d640e6351d7960718641aabf7c23965a27f55d1664431f1bf8fd7bfad04f
  merlin/python/merlin/kernels/cca_contract.py: aebe1627fb92935a8cebbf26996a9b4daa713f8deb552893a7303a4e9fba6eff
  merlin/python/merlin/kernels/endpoints.py: d37e3e296b467c208bddeb67911567b1d37518a7b7dba101da494a6fb7713db2
  merlin/python/merlin/kernels/microkernel.py: 7b1b6307e8753c584bcc6802e4598c197245c96251c4d06155c3b2adacd1c3af
  merlin/python/merlin/kernels/roles.py: 155ac8d18554d7636760b7dceb5beb25c3911fe74ca4fd8ef37e542e11a58e30
  merlin/python/merlin/runtime/commandbuffer.py: 45829ae819b98b0e667a8046bee073956b8db115e01a25f69c6fb6d8a9dc4063
  merlin/python/merlin/runtime/tensor.py: df066da6ee3a5a812c9cb006f97e2bcbd48f521311496c41c892f8ac5e44f172
  merlin/python/merlin/targetgen/compute_units.py: ce88802fcb7b8b369e759b8916409258a791ad7bff3b6c15beb48b710d4e3378
  merlin/python/merlin/targetgen/contract/interface_emit.py: 8586841721e5b6de164548b724c5aafb8ca3f836fc5e490455d4240a2ac302b7
  merlin/python/merlin/targetgen/contract/linalg_iface.py: 894b6c6665b3bd8db3b4bc0fe99db0f7f6b901642e0de8f18d5b34abbf05cf61
  merlin/python/merlin/targetgen/contraction_egraph.py: a72891aff9f4d13e33700d7e7f25ed43d4e6a5e805ad47359ce9fe46f2c32548
  merlin/python/merlin/targetgen/evidence/store.py: 09a19d4430087008b5b06ba516fce068e8181dfe297c4a1f251f13e832016421
  merlin/python/merlin/targetgen/families.py: 5d3cc04fb51d91fc31de31cbe96939ab3c9bad392205daf6c74cad1fa0667684
  merlin/python/merlin/targetgen/generate: 72d341dac052eb1cf0c21cd3b38dc12f4c009e017e58f00bfbccb08b4a307f48
  merlin/python/merlin/targetgen/oot_starterkit: a7db05d2afe2155ac5c76b4238d1f852e8cadfd4c1f72c1dddb424a1c9b6dd0a
  merlin/python/merlin/targetgen/persistent_equivalence.py: 0ec5810de0db13229a6184c3d2db38e2e2863d0048d1d0ae7ea5ea9ecd075466
  merlin/python/merlin/targetgen/rtl_backend.py: cd58b7dcb8819d3363025bf53b43a39c7eaca056bf06c1dfa21a224909c27fb0
  merlin/python/merlin/targetgen/semantic_families.py: c4e8b58f86696748a15e693ffb051d4b34021d6e609d5981335ada2e1b355ad0
  merlin/python/merlin/targetgen/synthesize: 38ae86099853c5a18cf0a584a1430fe6c9231e5858f61729b515df822be0290e
  merlin/python/merlin/targetgen/target_experiment.py: 393dfdc9525e78662e7d9d8c790e3f0343ea1f66fb46deb58efc15b6ca278957
  merlin/python/merlin/xdsl_dialects: b15746bb44fa5fc461cd1b001273cade07bcdcf5cd878dbdaf8234ad015d8364
  out/artifacts/targets/rvv/impr_tuned_wholemodel_vf_int8: 32d265324cba85abc6760a151d56b03bdc3e95c79e8ebf0bc392207c0a041d8b
  third_party/llvm-install: 95bfc5318ac13a12f6fb80a9060c1484e2bc8dfb237dc59dfcd2e425c146d7eb
