allowed_tree_sha256:
  experiments/capsule_bench/targets/gemmini/contracts/hwbringup_gemmini_v0: b37f97856d4872fb155f91ab0268993b36e6ca26068d951c7a106bb7c55d01cb
  experiments/capsule_bench/targets/gemmini/contracts/hwbringup_gemmini_v0/isa_include/gemmini.h: 007826db4fdaf35783e5d91ad3f21c2df9a310c1c51d53499f7745fc379974de
  experiments/capsule_bench/targets/gemmini/contracts/hwbringup_gemmini_v0/isa_include/gemmini_params.h: 3758ae967af3a179497660970201093a7fb624be00173990ce33d3f5c38da924
  experiments/capsule_bench/targets/gemmini/scripts/agent_selfcheck.py: 5967291edd24e8bf435b8d72b98a7e7f47534b046ac1cc259798765641fe1592
  experiments/capsule_bench/targets/gemmini/task: 09fdc68b3a7d2c528b3ab7a0e7f78fd78aead5b96fac202d20927a6c41b1c108
  merlin/contract: dd581fe1f06c4bf99dada9019f22e254130710f54731bac5a7fe54c8016ea27c
  merlin/contract/capsules/isa: 0d2d7a2b8c9739dab4ed4dba6fb74118c07949b7dc0c2979025516d2a7a586c1
  merlin/contract/capsules/layers: 369e85c3bc1e2d41b07bc57fcd7578c152bc73e7cc624922d9a9b25bfecd5e65
  merlin/contract/capsules/model: 0228b15681b572fc901df5aed6df224e4a5a33841dda252ab1bd5f365a0d5050
  merlin/contract/capsules/model_slices: c9c58b5a0f1a07917dd0fd0bbd703cd69808ffdb501c6e255db6c1b291bf8542
  merlin/python/merlin/targetgen/generate/llvm_plan.py: d67dcfed302c91ff10355981417b5426f0cd5db0fe86778219f28154097f2f9e
  merlin/python/merlin/targetgen/generate/mlir_scaffold.py: aeb74d5c458d2f55549e7c389fc90dc9bb4b7fba5b2e625fee3c1d6dd91eb12a
  merlin/python/merlin/targetgen/generate/target_repo.py: 8ceb4429bcb8aa88e288f89459875843dabc073cc410fee391790d44c3a9da12
  out/artifacts/targets/rvv/impr_tuned_wholemodel_vf_int8: 32d265324cba85abc6760a151d56b03bdc3e95c79e8ebf0bc392207c0a041d8b
  third_party/llvm-install: 95bfc5318ac13a12f6fb80a9060c1484e2bc8dfb237dc59dfcd2e425c146d7eb
