allowed_tree_sha256:
  experiments/capsule_bench/targets/radiance/contracts/hwbringup_radiance_v0: f8a4cfcc33cfb3e05d7ddac830a7c8b1d7a428114bd25115d22adeb85a9adda8
  experiments/capsule_bench/targets/radiance/contracts/hwbringup_radiance_v0/isa_include/isa_definition.py: 753a67e66a4389f3e644178b2a48c04273d2447b10d043fef558af6a570b5175
  experiments/capsule_bench/targets/radiance/scripts/agent_selfcheck.py: 3cb84a206653cd0671a3fbee5f854766825a981caabe328b8f0fef48240b0fbc
  experiments/capsule_bench/targets/radiance/task: c3c9f0964b2ca59bb536ade9d44a3b45d7e76f1228aa36b574627e81bbae3582
  merlin/contract: 6c2012cd63faa6e428a56bb115fc035ea12e1272e9f18abc6684a03137dc3c4a
  merlin/contract/capsules/radiance/isa: 43db8a06fc434aa5bd87d528774db9b2b13e033dc0ccdce5fc787629df1fd1be
  merlin/contract/capsules/radiance/model: 95791f6520a8f1faa3354e563698179babb0542592732c72717cfe1fb2f9e2e0
  merlin/contract/capsules/radiance/model_slices: 6ab0eac4815883e3f530c5955e0970e7128fdb4b3e1688ebdcd7c0082a24ef20
  merlin/python/merlin/targetgen/generate/llvm_plan.py: d67dcfed302c91ff10355981417b5426f0cd5db0fe86778219f28154097f2f9e
  merlin/python/merlin/targetgen/generate/mlir_scaffold.py: 67927975b6ac7e8559fdd706ddbf224b2a79a31e188e34b708b62fef7a0d4105
  merlin/python/merlin/targetgen/generate/target_repo.py: 8ceb4429bcb8aa88e288f89459875843dabc073cc410fee391790d44c3a9da12
  out/artifacts/targets/rvv/rvv_tuned_v1_d1_vfmacc_outerproduct: cc8a6bd4aad01c878d5dfdf4c9ce4c69398f4618f5a3f8cf78f55df93a60fea9
  third_party/llvm-install: 95bfc5318ac13a12f6fb80a9060c1484e2bc8dfb237dc59dfcd2e425c146d7eb
