allowed_tree_sha256:
  experiments/capsule_bench/targets/gemmini/contracts/hwbringup_gemmini_v0: b37f97856d4872fb155f91ab0268993b36e6ca26068d951c7a106bb7c55d01cb
  experiments/capsule_bench/targets/gemmini/contracts/hwbringup_gemmini_v0/isa_include/gemmini.h: 007826db4fdaf35783e5d91ad3f21c2df9a310c1c51d53499f7745fc379974de
  experiments/capsule_bench/targets/gemmini/contracts/hwbringup_gemmini_v0/isa_include/gemmini_params.h: 3758ae967af3a179497660970201093a7fb624be00173990ce33d3f5c38da924
  experiments/capsule_bench/targets/gemmini/scripts/agent_selfcheck.py: 5967291edd24e8bf435b8d72b98a7e7f47534b046ac1cc259798765641fe1592
  experiments/capsule_bench/targets/gemmini/task: 09fdc68b3a7d2c528b3ab7a0e7f78fd78aead5b96fac202d20927a6c41b1c108
  merlin/contract: e72e1a26f8b0e0cdb5c512f82d5078eccdc7f7296b124c4f323be4c254b0bceb
  merlin/contract/capsules/isa: e3141f6832d5459496331c4d317c9ebe4251d8eafb7c65b6afc4c02325a01949
  merlin/contract/capsules/layers: 17e2d5f56236a6401f1b521a892bd382f6d8f04825697abeaf9c92f11b0da986
  merlin/contract/capsules/model: c0b4f1f84e54b5e476199343ffffc0b0b0ab435fd198bfa93f7b7a644038e65b
  merlin/contract/capsules/model_slices: 5fe491729944a86e9777c6d056a719f383d3bbd99082ceca0d465e0b267c249b
  out/artifacts/targets/rvv/rvv_tuned_v1_d1_vfmacc_outerproduct: cc8a6bd4aad01c878d5dfdf4c9ce4c69398f4618f5a3f8cf78f55df93a60fea9
  third_party/llvm-install: 95bfc5318ac13a12f6fb80a9060c1484e2bc8dfb237dc59dfcd2e425c146d7eb
