allowed_tree_sha256:
  experiments/capsule_bench/targets/atlas/contracts/hwbringup_atlas_v0: d5c7e4aff8d20186557bfd2eb813b9e0be27b96268faed338bb0824429895711
  experiments/capsule_bench/targets/atlas/contracts/hwbringup_atlas_v0/isa_include/atlas_isa_green_card.md: 0efdcbc4339470d1c01f62dcb8857b7640fa10b223e61f3cd9a4db391c7d30da
  experiments/capsule_bench/targets/atlas/contracts/hwbringup_atlas_v0/isa_include/isa_definition.py: d29fff81689e6652772a51ff597b807e48d1af788c88aa08a9c98d3d8c396fc0
  experiments/capsule_bench/targets/atlas/scripts/agent_selfcheck.py: 3cb84a206653cd0671a3fbee5f854766825a981caabe328b8f0fef48240b0fbc
  experiments/capsule_bench/targets/atlas/task: a9b89c01036281d90000301fad89585c1a539c4d04c50a6e537d45c10ef2e570
  merlin/contract: bce1a0acbe407a4de532b1a9985624b887ace1fb5a5abced708020f20f160257
  merlin/contract/capsules/atlas/_perf: 21158a6c643fed58801b5e317deb34d8243d69538d73abce547c2e50c7b6ea2f
  merlin/contract/capsules/atlas/isa: 644a5c2a7926533bcb1cf081020487730e676e6b261c0503001edffea75ae036
  merlin/contract/capsules/atlas/layers: f6700448dda2e943021926ebcbe6469d585e58e21026d351f83f4293d33e5835
  merlin/contract/capsules/atlas/model: 3cb86e7545f66f5e43f72326245bb7e26b7276e4d1c3d54f16aa1aeed5bd0223
  merlin/contract/capsules/atlas/model_slices: 2332b1a7341c6376ab3c7a4dd34841f0f58f09311d54289f046e300e197c58b8
  merlin/python/merlin/common: dd6525070e665fd61fe65f3a46144b3dc2d5e3de8f0c8a52884b8913405ffd11
  merlin/python/merlin/kernels/action_catalog.py: 80a84e109b4513a4dfa553eec0fcdebbe3bcf13a46b166acb14507f738b7fe7f
  merlin/python/merlin/kernels/cca.py: 4024a004a632ebb46f53466ab77c79e01e9d37f0aa3a522ebc2cdb23e62a1788
  merlin/python/merlin/kernels/cca_compare.py: 69c4d640e6351d7960718641aabf7c23965a27f55d1664431f1bf8fd7bfad04f
  merlin/python/merlin/kernels/cca_contract.py: aebe1627fb92935a8cebbf26996a9b4daa713f8deb552893a7303a4e9fba6eff
  merlin/python/merlin/kernels/endpoints.py: d37e3e296b467c208bddeb67911567b1d37518a7b7dba101da494a6fb7713db2
  merlin/python/merlin/kernels/microkernel.py: 7b1b6307e8753c584bcc6802e4598c197245c96251c4d06155c3b2adacd1c3af
  merlin/python/merlin/kernels/roles.py: 155ac8d18554d7636760b7dceb5beb25c3911fe74ca4fd8ef37e542e11a58e30
  merlin/python/merlin/runtime/commandbuffer.py: c36b0434eb890d56f6ab1d0ad188bef6f4f90eaab1c35944a970517b156791e7
  merlin/python/merlin/runtime/tensor.py: df066da6ee3a5a812c9cb006f97e2bcbd48f521311496c41c892f8ac5e44f172
  merlin/python/merlin/targetgen/compute_units.py: ce88802fcb7b8b369e759b8916409258a791ad7bff3b6c15beb48b710d4e3378
  merlin/python/merlin/targetgen/contract/interface_emit.py: 1b8122adaf50f80826de4e41c1324e3bdbf990028ff138861f7577bcc4b4ab00
  merlin/python/merlin/targetgen/contract/linalg_iface.py: 894b6c6665b3bd8db3b4bc0fe99db0f7f6b901642e0de8f18d5b34abbf05cf61
  merlin/python/merlin/targetgen/contraction_egraph.py: a72891aff9f4d13e33700d7e7f25ed43d4e6a5e805ad47359ce9fe46f2c32548
  merlin/python/merlin/targetgen/evidence/store.py: 09a19d4430087008b5b06ba516fce068e8181dfe297c4a1f251f13e832016421
  merlin/python/merlin/targetgen/families.py: 5d3cc04fb51d91fc31de31cbe96939ab3c9bad392205daf6c74cad1fa0667684
  merlin/python/merlin/targetgen/generate: 72d341dac052eb1cf0c21cd3b38dc12f4c009e017e58f00bfbccb08b4a307f48
  merlin/python/merlin/targetgen/oot_starterkit: a7db05d2afe2155ac5c76b4238d1f852e8cadfd4c1f72c1dddb424a1c9b6dd0a
  merlin/python/merlin/targetgen/persistent_equivalence.py: 0ec5810de0db13229a6184c3d2db38e2e2863d0048d1d0ae7ea5ea9ecd075466
  merlin/python/merlin/targetgen/rtl_backend.py: cd58b7dcb8819d3363025bf53b43a39c7eaca056bf06c1dfa21a224909c27fb0
  merlin/python/merlin/targetgen/semantic_families.py: c4e8b58f86696748a15e693ffb051d4b34021d6e609d5981335ada2e1b355ad0
  merlin/python/merlin/targetgen/synthesize: 38ae86099853c5a18cf0a584a1430fe6c9231e5858f61729b515df822be0290e
  merlin/python/merlin/targetgen/target_experiment.py: f9834d5e1c67292bbcef34eeefadacc3822728792f1eea7309f38ba44cf91234
  merlin/python/merlin/xdsl_dialects: b15746bb44fa5fc461cd1b001273cade07bcdcf5cd878dbdaf8234ad015d8364
  out/artifacts/targets/rvv/rvv_tuned_v1_d1_vfmacc_outerproduct: cc8a6bd4aad01c878d5dfdf4c9ce4c69398f4618f5a3f8cf78f55df93a60fea9
  third_party/llvm-install: 95bfc5318ac13a12f6fb80a9060c1484e2bc8dfb237dc59dfcd2e425c146d7eb
