allowed_tree_sha256:
  experiments/capsule_bench/targets/gemmini/contracts/hwbringup_gemmini_v0: b37f97856d4872fb155f91ab0268993b36e6ca26068d951c7a106bb7c55d01cb
  experiments/capsule_bench/targets/gemmini/task: 09fdc68b3a7d2c528b3ab7a0e7f78fd78aead5b96fac202d20927a6c41b1c108
  merlin/contract: fbec7cdb753395e51898c9e755f2ed01c5fdd811cdd9e63c3749ed0bd3fa2f54
  merlin/contract/capsules/isa: 75878112e576b7f6d84f3720dc9a4274491a928691a6206d1bf8d0e653fd406d
  merlin/contract/capsules/layers: 4ebbcdb07303a394485f8b311990287b7ecf118a81f0bcd80034d19f0df52cb3
  merlin/contract/capsules/model_slices: 50cbc874a72839c3474326a1334276a05a8641506045601a74070a5c425108a5
  merlin/python/merlin/common: b846e3cb21680aaadae52b4e18da0e89552e63ddaf1159c4b3b37afd3ab91eed
  merlin/python/merlin/targetgen/generate: 308b316826cbc93f72e6072253aff603494b095cd53e39412277cf1cf06aaec3
  merlin/python/merlin/targetgen/synthesize: 38ae86099853c5a18cf0a584a1430fe6c9231e5858f61729b515df822be0290e
  merlin/python/merlin/xdsl_dialects: b7866e6b597bd13fc1c0e302f24b1f17d2145246c3f66258d8e29e0918295e44
  third_party/llvm-install: 95bfc5318ac13a12f6fb80a9060c1484e2bc8dfb237dc59dfcd2e425c146d7eb
