allowed_tree_sha256:
  experiments/capsule_bench/targets/mx_gemmini/contracts/hwbringup_mx_v0: 8403f0b9c966469076358f11943bdb7d24bd058564023e61596ce288509b662d
  merlin/contract: fbec7cdb753395e51898c9e755f2ed01c5fdd811cdd9e63c3749ed0bd3fa2f54
  merlin/contract/capsules/mx_gemmini/isa: cd70af1630e431875e2bf2ce8c2325cc24e2cf142c9d6ce635dabb48ccda4118
  merlin/contract/capsules/mx_gemmini/layers: 7812056a57bd62d489291f580d26427b4e9b65c8e7494af0825db55ab07a0c0f
  merlin/python/merlin/targetgen/generate: 308b316826cbc93f72e6072253aff603494b095cd53e39412277cf1cf06aaec3
  merlin/python/merlin/targetgen/oot_starterkit: 6a227c722f295287abc605a60e4fdaa693d10344ce3e810ff6138d6ea034da6a
  merlin/python/merlin/targetgen/rtl: a7d92d8dc8a82fd8f1a79c41fa08988dbaff784a59be6c2495ef188c15cba73c
  merlin/python/merlin/targetgen/synthesize: 38ae86099853c5a18cf0a584a1430fe6c9231e5858f61729b515df822be0290e
  merlin/python/merlin/xdsl_dialects: b7866e6b597bd13fc1c0e302f24b1f17d2145246c3f66258d8e29e0918295e44
  third_party/llvm-install: 95bfc5318ac13a12f6fb80a9060c1484e2bc8dfb237dc59dfcd2e425c146d7eb
unresolvable_grants:
- experiments/capsule_bench/targets/mx_gemmini/task
- merlin/targets/mx_gemmini/contracts/rtl_facts
