allowed_tree_sha256:
  experiments/capsule_bench/targets/atlas/contracts/hwbringup_atlas_v0: a2a430167319478b6cef3cbc26782654689409da540af1b8ae48fd6cc75b5405
  experiments/capsule_bench/targets/atlas/contracts/hwbringup_atlas_v0/isa_include/atlas_isa_green_card.md: 9f0d99e570d2fefc7bef6cccbaff0e891c4df5bf057f4ae164341984d9a31d8a
  experiments/capsule_bench/targets/atlas/contracts/hwbringup_atlas_v0/isa_include/isa_definition.py: a5f7b2fcfc15de946fd78f1d1678c3822702eacd99d7b2b86c7b234d966e1ab9
  experiments/capsule_bench/targets/atlas/scripts/agent_selfcheck.py: 63f4625aae818468a5b7b7f02118e1c4d88d00beaf69835c3b5fa80736a196b0
  experiments/capsule_bench/targets/atlas/task: a9b89c01036281d90000301fad89585c1a539c4d04c50a6e537d45c10ef2e570
  merlin/contract: 27e4a681f25469a19db43d69617626a79bed09e4d82f95024a2ba2974d968e02
  merlin/contract/capsules/atlas/isa: b23a2b3269ac89e514a583c01875be66474a1f299abb223807899e208e8a4480
  merlin/contract/capsules/atlas/layers: cb71f90184c862a2437d3e6898dd58fb749946bffddd39fc6051523aeb643568
  merlin/contract/capsules/atlas/model: 69e4c0f258aae4f67dea24b3bcae4677173f5dff436bd48fbc4c6a9eb2257c62
  merlin/contract/capsules/atlas/model_slices: 2332b1a7341c6376ab3c7a4dd34841f0f58f09311d54289f046e300e197c58b8
  merlin/python/merlin/targetgen/generate/llvm_plan.py: d67dcfed302c91ff10355981417b5426f0cd5db0fe86778219f28154097f2f9e
  merlin/python/merlin/targetgen/generate/mlir_scaffold.py: 67927975b6ac7e8559fdd706ddbf224b2a79a31e188e34b708b62fef7a0d4105
  merlin/python/merlin/targetgen/generate/target_repo.py: 8ceb4429bcb8aa88e288f89459875843dabc073cc410fee391790d44c3a9da12
  out/artifacts/targets/rvv/rvv_tuned_v1_d1_vfmacc_outerproduct: cc8a6bd4aad01c878d5dfdf4c9ce4c69398f4618f5a3f8cf78f55df93a60fea9
  third_party/llvm-install: 95bfc5318ac13a12f6fb80a9060c1484e2bc8dfb237dc59dfcd2e425c146d7eb
unresolvable_grants:
- merlin/contract/capsules/atlas/perf
