allowed_tree_sha256:
  experiments/capsule_bench/targets/gemmini/contracts/hwbringup_gemmini_v0: b37f97856d4872fb155f91ab0268993b36e6ca26068d951c7a106bb7c55d01cb
  experiments/capsule_bench/targets/gemmini/contracts/hwbringup_gemmini_v0/isa_include/gemmini.h: 007826db4fdaf35783e5d91ad3f21c2df9a310c1c51d53499f7745fc379974de
  experiments/capsule_bench/targets/gemmini/contracts/hwbringup_gemmini_v0/isa_include/gemmini_params.h: 3758ae967af3a179497660970201093a7fb624be00173990ce33d3f5c38da924
  experiments/capsule_bench/targets/gemmini/scripts/agent_selfcheck.py: 63f4625aae818468a5b7b7f02118e1c4d88d00beaf69835c3b5fa80736a196b0
  experiments/capsule_bench/targets/gemmini/task: 09fdc68b3a7d2c528b3ab7a0e7f78fd78aead5b96fac202d20927a6c41b1c108
  merlin/contract: 27e4a681f25469a19db43d69617626a79bed09e4d82f95024a2ba2974d968e02
  merlin/contract/capsules/isa: fcca7cacb8020c72d0c6afe1d3957d8dccbac690624e989546cae6af20ed3f18
  merlin/contract/capsules/layers: 71478141a016cf1dac0b4c586522390f9bb0f0001eec0eaa9c22f180693d97c9
  merlin/contract/capsules/model: 500bd2b8538dad6bdbf42ae56404c6c313a88a703a2e8a4eb1cc628983944c19
  merlin/contract/capsules/model_slices: ed3e6e1b261522084ec14fed9cce9d3977d81928baabfcc5e7abcce0006958cb
  merlin/python/merlin/common: 5e4c54723ad2e3f4aff0945fe08b4b1c10cd9c73c017058546fe8d2c3f918e30
  merlin/python/merlin/kernels/action_catalog.py: 95a394a487a868c205f5bc057b7f19a6a8a6d89a02bc0f3907ccd08733dea0c6
  merlin/python/merlin/kernels/cca.py: 4024a004a632ebb46f53466ab77c79e01e9d37f0aa3a522ebc2cdb23e62a1788
  merlin/python/merlin/kernels/cca_compare.py: 69c4d640e6351d7960718641aabf7c23965a27f55d1664431f1bf8fd7bfad04f
  merlin/python/merlin/kernels/cca_contract.py: b96ad26dbda0c36d9cddd09512bb45ec01c9e47373829c9cf0eb06fc56fffe30
  merlin/python/merlin/kernels/endpoints.py: d37e3e296b467c208bddeb67911567b1d37518a7b7dba101da494a6fb7713db2
  merlin/python/merlin/kernels/microkernel.py: 7b1b6307e8753c584bcc6802e4598c197245c96251c4d06155c3b2adacd1c3af
  merlin/python/merlin/kernels/roles.py: 155ac8d18554d7636760b7dceb5beb25c3911fe74ca4fd8ef37e542e11a58e30
  merlin/python/merlin/runtime/commandbuffer.py: f4c45ce90421f39c8b34860f81656bd695509dd8609bda1205140277edb9af78
  merlin/python/merlin/runtime/tensor.py: df066da6ee3a5a812c9cb006f97e2bcbd48f521311496c41c892f8ac5e44f172
  merlin/python/merlin/targetgen/compute_units.py: c999d84b8aa63f289f674ad5e3aa1e18ded53d4df678f975cab26caa828f745d
  merlin/python/merlin/targetgen/contract/interface_emit.py: 00266a8f5029fb34e986f4a2bbd8895eb5d60062a3fdc0115b256f1653f295cb
  merlin/python/merlin/targetgen/contract/linalg_iface.py: 894b6c6665b3bd8db3b4bc0fe99db0f7f6b901642e0de8f18d5b34abbf05cf61
  merlin/python/merlin/targetgen/evidence/store.py: 09a19d4430087008b5b06ba516fce068e8181dfe297c4a1f251f13e832016421
  merlin/python/merlin/targetgen/families.py: 1a38ed872406b6555b0d8241ca13314cbab720c893a12225e1cb0cd343265c71
  merlin/python/merlin/targetgen/generate: a615488972b37dc33f4e7e0ccbd8a8fc1327edb1a458cb17fc1e91b6135ad941
  merlin/python/merlin/targetgen/oot_starterkit: 6a227c722f295287abc605a60e4fdaa693d10344ce3e810ff6138d6ea034da6a
  merlin/python/merlin/targetgen/rtl: 544ec496426f20d108eb3a5fcbb7ce89754c8b65d4543100f3b86ba34c58d706
  merlin/python/merlin/targetgen/rtl_backend.py: e9cd5ea3c0516e1db6b0467984397551e4e3f787c7aa2c4d7bd21903ddb8217a
  merlin/python/merlin/targetgen/semantic_families.py: 0846862184f28c03d950a0585b7ed5189c55133b1323a2aa308143a1da23bd44
  merlin/python/merlin/targetgen/synthesize: 38ae86099853c5a18cf0a584a1430fe6c9231e5858f61729b515df822be0290e
  merlin/python/merlin/targetgen/target_experiment.py: a3cbec2810030f1938278e857e2bb7c06bf6c2ae4abcc95f06aecaa62d247133
  merlin/python/merlin/xdsl_dialects: 20b92bdde682e66b9904fd8ed481f0877adffd594aaa6b12f41a4e620a8077ce
  merlin/targets/gemmini/contracts/rtl_facts: 983323e875b9f224470add6f09d95242e33619f44ee6dc52b69620677304de62
  out/artifacts/targets/rvv/impr_tuned_wholemodel_vf_int8: 32d265324cba85abc6760a151d56b03bdc3e95c79e8ebf0bc392207c0a041d8b
  third_party/llvm-install: 95bfc5318ac13a12f6fb80a9060c1484e2bc8dfb237dc59dfcd2e425c146d7eb
